
Microsoft Visual Studio Solution File, Format Version 12.00
# Visual Studio Version 17
VisualStudioVersion = 17.9.34622.214
MinimumVisualStudioVersion = 10.0.40219.1
Project("{FAE04EC0-301F-11D3-BF4B-00C04F79EFBC}") = "task14", "task14.csproj", "{2ABC9385-4DC2-4ACD-A76F-3281DC3EB50B}"
EndProject
Global
	GlobalSection(SolutionConfigurationPlatforms) = preSolution
		Debug|Any CPU = Debug|Any CPU
		Release|Any CPU = Release|Any CPU
	EndGlobalSection
	GlobalSection(ProjectConfigurationPlatforms) = postSolution
		{2ABC9385-4DC2-4ACD-A76F-3281DC3EB50B}.Debug|Any CPU.ActiveCfg = Debug|Any CPU
		{2ABC9385-4DC2-4ACD-A76F-3281DC3EB50B}.Debug|Any CPU.Build.0 = Debug|Any CPU
		{2ABC9385-4DC2-4ACD-A76F-3281DC3EB50B}.Release|Any CPU.ActiveCfg = Release|Any CPU
		{2ABC9385-4DC2-4ACD-A76F-3281DC3EB50B}.Release|Any CPU.Build.0 = Release|Any CPU
	EndGlobalSection
	GlobalSection(SolutionProperties) = preSolution
		HideSolutionNode = FALSE
	EndGlobalSection
	GlobalSection(ExtensibilityGlobals) = postSolution
		SolutionGuid = {C7ABFF5C-FF68-4E06-BCAE-4DCF3CDFB5CA}
	EndGlobalSection
EndGlobal
